# THIS IS AN AUTOGENERATED FILE. DO NOT EDIT THIS FILE DIRECTLY.
# yarn lockfile v1


"@ckeditor/ckeditor5-adapter-ckfinder@41.1.0":
  version "41.1.0"
  resolved "https://registry.yarnpkg.com/@ckeditor/ckeditor5-adapter-ckfinder/-/ckeditor5-adapter-ckfinder-41.1.0.tgz#aef230eea1d0463d6a95213e7a1f732be4ff334d"
  integrity sha512-0qEaSKeqRiFkn/17D3oglDSG2WVRzwzPWB1fWPHCxgAyWflR2vYUKiyLD8zE5AtMvJvqSNNHaEcrarKiacO9uw==
  dependencies:
    ckeditor5 "41.1.0"

"@ckeditor/ckeditor5-autoformat@41.1.0":
  version "41.1.0"
  resolved "https://registry.yarnpkg.com/@ckeditor/ckeditor5-autoformat/-/ckeditor5-autoformat-41.1.0.tgz#42ddb0caad3a16ed5a0125f75393e424c421cc8d"
  integrity sha512-aTN1bGrGaYwHAjo0kH35pmRDItTUDNFMzJ570OKVmSF4zSmg5ZjfbcZ//otzz5NLePx/K4FjhrCpZlABGI3MDg==
  dependencies:
    ckeditor5 "41.1.0"

"@ckeditor/ckeditor5-basic-styles@41.1.0":
  version "41.1.0"
  resolved "https://registry.yarnpkg.com/@ckeditor/ckeditor5-basic-styles/-/ckeditor5-basic-styles-41.1.0.tgz#070bf87faeff447f957e1dc5725e8e71e513d41d"
  integrity sha512-yldViSRB9wTU8SNqfndOJqGQCfCZ0+yufAEbhcmQ/ZHNbIRNIXVYcI91WeZFull640c0DPnj7KT4UxsWu3a4OA==
  dependencies:
    ckeditor5 "41.1.0"

"@ckeditor/ckeditor5-block-quote@41.1.0":
  version "41.1.0"
  resolved "https://registry.yarnpkg.com/@ckeditor/ckeditor5-block-quote/-/ckeditor5-block-quote-41.1.0.tgz#662591bf9a08259a8730e75ccb3f9fdb78e0b7d7"
  integrity sha512-si1WBGTpUhTR18ywoAD0yy6m+PeGwisIblIGbOdPgs+lfMsFECrftvH8qrTZG1D80S3p0jNa74qw7BSMGk/TUg==
  dependencies:
    ckeditor5 "41.1.0"

"@ckeditor/ckeditor5-build-classic@^41.1.0":
  version "41.1.0"
  resolved "https://registry.yarnpkg.com/@ckeditor/ckeditor5-build-classic/-/ckeditor5-build-classic-41.1.0.tgz#d7a209102cfe0989a81f551a9726cb832efc1050"
  integrity sha512-sW3VjZSEIl+KblktXFWseyIixOTDAVwLs0fH/oUgEDuP73mOB/2aZCJcCNijDTNkC2lRc36G9609d+hEjhHZIQ==
  dependencies:
    "@ckeditor/ckeditor5-adapter-ckfinder" "41.1.0"
    "@ckeditor/ckeditor5-autoformat" "41.1.0"
    "@ckeditor/ckeditor5-basic-styles" "41.1.0"
    "@ckeditor/ckeditor5-block-quote" "41.1.0"
    "@ckeditor/ckeditor5-ckbox" "41.1.0"
    "@ckeditor/ckeditor5-ckfinder" "41.1.0"
    "@ckeditor/ckeditor5-cloud-services" "41.1.0"
    "@ckeditor/ckeditor5-easy-image" "41.1.0"
    "@ckeditor/ckeditor5-editor-classic" "41.1.0"
    "@ckeditor/ckeditor5-essentials" "41.1.0"
    "@ckeditor/ckeditor5-heading" "41.1.0"
    "@ckeditor/ckeditor5-image" "41.1.0"
    "@ckeditor/ckeditor5-indent" "41.1.0"
    "@ckeditor/ckeditor5-link" "41.1.0"
    "@ckeditor/ckeditor5-list" "41.1.0"
    "@ckeditor/ckeditor5-media-embed" "41.1.0"
    "@ckeditor/ckeditor5-paragraph" "41.1.0"
    "@ckeditor/ckeditor5-paste-from-office" "41.1.0"
    "@ckeditor/ckeditor5-table" "41.1.0"
    "@ckeditor/ckeditor5-typing" "41.1.0"

"@ckeditor/ckeditor5-ckbox@41.1.0":
  version "41.1.0"
  resolved "https://registry.yarnpkg.com/@ckeditor/ckeditor5-ckbox/-/ckeditor5-ckbox-41.1.0.tgz#bc911b9c17898f8036f668a4376b8043dbc231e3"
  integrity sha512-eS5m97IuRUHjuDe+eUxSpre3pekGPCDbeHIyu/5bmEtFGLoWxNvWmPArZ1l5AsJr4Yj9J/WNepKPbO3yNwDJ5w==
  dependencies:
    blurhash "2.0.5"
    ckeditor5 "41.1.0"
    lodash-es "4.17.21"

"@ckeditor/ckeditor5-ckfinder@41.1.0":
  version "41.1.0"
  resolved "https://registry.yarnpkg.com/@ckeditor/ckeditor5-ckfinder/-/ckeditor5-ckfinder-41.1.0.tgz#edf991b120b4028a19f9de3e0d1f800c1fedf77a"
  integrity sha512-XsMmjuyzuRHBytTDt3k3Rbf/IvVvZkA5uL7llkLFhR+ujut4WMexZpYREudJOQi/M4/UAkjPLccZB00fuR7OEw==
  dependencies:
    ckeditor5 "41.1.0"

"@ckeditor/ckeditor5-clipboard@41.1.0":
  version "41.1.0"
  resolved "https://registry.yarnpkg.com/@ckeditor/ckeditor5-clipboard/-/ckeditor5-clipboard-41.1.0.tgz#9b8dd4c4d3ecba5056b037300ab012ccdb7dbe4e"
  integrity sha512-QbXp3ysaeI2dFWKUvd/Lf1kbmZfq+F+Sbg6/mawBqImyHJjwvO0QrA+SepUSYPuWaTqnPJ5Kng020MMj1Iexyg==
  dependencies:
    "@ckeditor/ckeditor5-core" "41.1.0"
    "@ckeditor/ckeditor5-engine" "41.1.0"
    "@ckeditor/ckeditor5-ui" "41.1.0"
    "@ckeditor/ckeditor5-utils" "41.1.0"
    "@ckeditor/ckeditor5-widget" "41.1.0"
    lodash-es "4.17.21"

"@ckeditor/ckeditor5-cloud-services@41.1.0":
  version "41.1.0"
  resolved "https://registry.yarnpkg.com/@ckeditor/ckeditor5-cloud-services/-/ckeditor5-cloud-services-41.1.0.tgz#64e604216c3d328e60cf2e54f1422ca135d824a6"
  integrity sha512-E24nctJwJoXW4TdVCqsfyo8UBa4I7IiSfH6jeSktE3B3QUgqIbUnOZ/CLOiXkIpbF+7V2Tlx2eFQWheyjs/5ww==
  dependencies:
    ckeditor5 "41.1.0"

"@ckeditor/ckeditor5-core@41.1.0":
  version "41.1.0"
  resolved "https://registry.yarnpkg.com/@ckeditor/ckeditor5-core/-/ckeditor5-core-41.1.0.tgz#091fe6e471d0103ec9960b67fa0ef44401d61a1c"
  integrity sha512-Z23stcZ5lx1jsQa+9jybyz1h/HvIYqpKo2OW9s27KD9oAvbNNYvsNqtCZMDecik/7ofr8wiWC/xnzCk7QRwmuA==
  dependencies:
    "@ckeditor/ckeditor5-engine" "41.1.0"
    "@ckeditor/ckeditor5-utils" "41.1.0"
    lodash-es "4.17.21"

"@ckeditor/ckeditor5-easy-image@41.1.0":
  version "41.1.0"
  resolved "https://registry.yarnpkg.com/@ckeditor/ckeditor5-easy-image/-/ckeditor5-easy-image-41.1.0.tgz#7af3e280748e62a378cb13236d685a3a07c5fd83"
  integrity sha512-m8JPIutEz/rXiR1x7W1u8ty+fYmb0NrZ7Z8x6WCvLSo77b2K++yDmUGQ5KLazR50pQB6Xi8juoSZGm5mcUeoJA==
  dependencies:
    ckeditor5 "41.1.0"

"@ckeditor/ckeditor5-editor-classic@41.1.0":
  version "41.1.0"
  resolved "https://registry.yarnpkg.com/@ckeditor/ckeditor5-editor-classic/-/ckeditor5-editor-classic-41.1.0.tgz#e6f7adb3a5b9533d12d0b0d476967c03200ef90f"
  integrity sha512-KMkHPmYalwqDecsMIbNexddhIwe/O0QkD7atJxzwtHWjEWP2bxi0fYPGQvMZXpj1BDXXMyZN6zQZlYfHzrk+7w==
  dependencies:
    ckeditor5 "41.1.0"
    lodash-es "4.17.21"

"@ckeditor/ckeditor5-engine@41.1.0":
  version "41.1.0"
  resolved "https://registry.yarnpkg.com/@ckeditor/ckeditor5-engine/-/ckeditor5-engine-41.1.0.tgz#0906fb6bbf60b0244d347d4d6a59526a51c4105d"
  integrity sha512-YYZKXESH6iml9BT3EIlYgKgkH/DqeW2Xe0IzhuC+T7OqemBYp5x/HMP7tQMjsRGImc4+4iyTZ+8pJTAlU5pJyQ==
  dependencies:
    "@ckeditor/ckeditor5-utils" "41.1.0"
    lodash-es "4.17.21"

"@ckeditor/ckeditor5-enter@41.1.0":
  version "41.1.0"
  resolved "https://registry.yarnpkg.com/@ckeditor/ckeditor5-enter/-/ckeditor5-enter-41.1.0.tgz#e20f8e15810451256f792631eaa342f7ecbc017e"
  integrity sha512-kpESGrUDCuHJbDOXGGYaK4RgwHgyZAY6h2OkXf99yE0Rhm23EOXh09uC07gqzS6q1/4UXM6l0CX/s0jjdD0LuQ==
  dependencies:
    "@ckeditor/ckeditor5-core" "41.1.0"
    "@ckeditor/ckeditor5-engine" "41.1.0"
    "@ckeditor/ckeditor5-utils" "41.1.0"

"@ckeditor/ckeditor5-essentials@41.1.0":
  version "41.1.0"
  resolved "https://registry.yarnpkg.com/@ckeditor/ckeditor5-essentials/-/ckeditor5-essentials-41.1.0.tgz#ddc8c8d05c9f7924635e0221367c8dd01162f8a3"
  integrity sha512-zUPbApEGl32Err/hURVDPZpXZHpe9gRQ/3r1xhaxIvB2zILcHAKauB94phzPLywrr0eBNa546ZW8+iXjFEJ7CQ==
  dependencies:
    ckeditor5 "41.1.0"

"@ckeditor/ckeditor5-heading@41.1.0":
  version "41.1.0"
  resolved "https://registry.yarnpkg.com/@ckeditor/ckeditor5-heading/-/ckeditor5-heading-41.1.0.tgz#287534205d68eb8ca85a6784e24503383fa49087"
  integrity sha512-rOsQ5AIsc5ccsARrs0CsiinoSx5DZrnkHH6PV6wEJcpgvhiJhB7NYG6Maw+vUcaDlY5z012GvAXLvv21ZNpw4w==
  dependencies:
    ckeditor5 "41.1.0"

"@ckeditor/ckeditor5-image@41.1.0":
  version "41.1.0"
  resolved "https://registry.yarnpkg.com/@ckeditor/ckeditor5-image/-/ckeditor5-image-41.1.0.tgz#27d947a57c1e70fd6dbb1b82c2063f78181766d5"
  integrity sha512-K90Dr3nxE8osBcPImP4VOfw9DgwiCPzGUu3vP+4ylMgJxmRetRCmuryEH5Gh4iw+poDr+JeBeTxT/M6n+hdx5w==
  dependencies:
    "@ckeditor/ckeditor5-ui" "41.1.0"
    ckeditor5 "41.1.0"
    lodash-es "4.17.21"

"@ckeditor/ckeditor5-indent@41.1.0":
  version "41.1.0"
  resolved "https://registry.yarnpkg.com/@ckeditor/ckeditor5-indent/-/ckeditor5-indent-41.1.0.tgz#91c2c8f3e01596e258416e67366e117bc80b5288"
  integrity sha512-CLEzSf3Y8Ow5W88W2v3znOO5Yo6a3+0//bEWSPyhQ8c7zaWM5gjZ36qGfPhbBnpMy2vYJkSVwW2fZ7rWdRr2cA==
  dependencies:
    ckeditor5 "41.1.0"

"@ckeditor/ckeditor5-link@41.1.0":
  version "41.1.0"
  resolved "https://registry.yarnpkg.com/@ckeditor/ckeditor5-link/-/ckeditor5-link-41.1.0.tgz#a00dc2344888c0f302d2409f92c253be2516278f"
  integrity sha512-iTf1J+OGiD6sxsMu3tAvHiFVVYz8qm7DwpZ3M3kvRphx2Tv3bFjNaeCK+tiOeBx2Bpm/EdfGs8Q9XzZLjrIBCA==
  dependencies:
    "@ckeditor/ckeditor5-ui" "41.1.0"
    ckeditor5 "41.1.0"
    lodash-es "4.17.21"

"@ckeditor/ckeditor5-list@41.1.0":
  version "41.1.0"
  resolved "https://registry.yarnpkg.com/@ckeditor/ckeditor5-list/-/ckeditor5-list-41.1.0.tgz#e499fdde652ce2e2c3574d2aac8704244aea2d50"
  integrity sha512-tcvUGMIg+Kg1zF0iWFMWHsikvRxwpReAd/QZp/cVUP6EvoL46bc4H6IzFU5qV3g1JM14wjiSTShHWYW8kS6wYA==
  dependencies:
    ckeditor5 "41.1.0"

"@ckeditor/ckeditor5-media-embed@41.1.0":
  version "41.1.0"
  resolved "https://registry.yarnpkg.com/@ckeditor/ckeditor5-media-embed/-/ckeditor5-media-embed-41.1.0.tgz#3602c3fc88b428cb6442f40cac826c6c942711d5"
  integrity sha512-fV2rvE7RORY9jR7icswCgWEtQxze6tVahBDI85YaZuruX20+pa5PmxLE6Ls6uzZZFvIl9hJZkkUxzmJC/tPEsw==
  dependencies:
    "@ckeditor/ckeditor5-ui" "41.1.0"
    ckeditor5 "41.1.0"

"@ckeditor/ckeditor5-paragraph@41.1.0":
  version "41.1.0"
  resolved "https://registry.yarnpkg.com/@ckeditor/ckeditor5-paragraph/-/ckeditor5-paragraph-41.1.0.tgz#a80fd8df19bdf9d5f16ca045b2a2871208a4c903"
  integrity sha512-4p7imtnmALVbOykbJXOIpU3lI1nCoiDtCHR5B0MTX2oPjmhjRiZEl5cNIMZ0FTquYvdrswQ7zqmeH/++14pBzQ==
  dependencies:
    "@ckeditor/ckeditor5-core" "41.1.0"
    "@ckeditor/ckeditor5-ui" "41.1.0"
    "@ckeditor/ckeditor5-utils" "41.1.0"

"@ckeditor/ckeditor5-paste-from-office@41.1.0":
  version "41.1.0"
  resolved "https://registry.yarnpkg.com/@ckeditor/ckeditor5-paste-from-office/-/ckeditor5-paste-from-office-41.1.0.tgz#527c1b7ee1493f02642284d92cee3ae4cc878f1f"
  integrity sha512-xeB7thvP7ZI/0hWkcpO0+zeDD24MJJ9igdlGNblx8QcBcVRLRCkLDj7XkFlYP9zfzGNZUgjbJjPWyHbeYurHNQ==
  dependencies:
    ckeditor5 "41.1.0"

"@ckeditor/ckeditor5-select-all@41.1.0":
  version "41.1.0"
  resolved "https://registry.yarnpkg.com/@ckeditor/ckeditor5-select-all/-/ckeditor5-select-all-41.1.0.tgz#2b82ada5a79995db82b81a73c5978e1f0113e4c4"
  integrity sha512-YGeQZv/VlRzWKwNuJ+qoY50hikcjhjgZlCQeT6ir8RhXBEcSsaTKK+bYYdNnfHoDFGsadosZP6vBpcBTUYrxOw==
  dependencies:
    "@ckeditor/ckeditor5-core" "41.1.0"
    "@ckeditor/ckeditor5-ui" "41.1.0"
    "@ckeditor/ckeditor5-utils" "41.1.0"

"@ckeditor/ckeditor5-table@41.1.0":
  version "41.1.0"
  resolved "https://registry.yarnpkg.com/@ckeditor/ckeditor5-table/-/ckeditor5-table-41.1.0.tgz#cca35f7f7a386626c55d08ce81f5d0a5d5580f36"
  integrity sha512-MtWPC3DT3Ew3Fm5Tf/aIOqOodzVR/ms1cmB7jKFnJ1IRe0olo8TborMv6UvNWfy5W11vqf33snCEU1ynbJN7zw==
  dependencies:
    ckeditor5 "41.1.0"
    lodash-es "4.17.21"

"@ckeditor/ckeditor5-typing@41.1.0":
  version "41.1.0"
  resolved "https://registry.yarnpkg.com/@ckeditor/ckeditor5-typing/-/ckeditor5-typing-41.1.0.tgz#31daf1b2f7fec130b9d5b9e11261623e1a3728e6"
  integrity sha512-33XRNa9Z2LTwCWx9GdY7Pyb9ymOaEo+ZarV3hwbD4FOww6CSRB0/29ny+br8WEfJpdM/5EyHNmfLXHpIqP5vtQ==
  dependencies:
    "@ckeditor/ckeditor5-core" "41.1.0"
    "@ckeditor/ckeditor5-engine" "41.1.0"
    "@ckeditor/ckeditor5-utils" "41.1.0"
    lodash-es "4.17.21"

"@ckeditor/ckeditor5-ui@41.1.0":
  version "41.1.0"
  resolved "https://registry.yarnpkg.com/@ckeditor/ckeditor5-ui/-/ckeditor5-ui-41.1.0.tgz#dfd361947f3d8f672e3cdb0fbd8585c6dc0a0ed3"
  integrity sha512-U3lgwTUNCLuK9lFrYV8ch/4/AQqW6Cv4DJFiKzpEwLB7PQFOZsoaY0yP2XZ7Wj1IGMfsOF3uECrNVATiPPr8ww==
  dependencies:
    "@ckeditor/ckeditor5-core" "41.1.0"
    "@ckeditor/ckeditor5-utils" "41.1.0"
    color-convert "2.0.1"
    color-parse "1.4.2"
    lodash-es "4.17.21"
    vanilla-colorful "0.7.2"

"@ckeditor/ckeditor5-undo@41.1.0":
  version "41.1.0"
  resolved "https://registry.yarnpkg.com/@ckeditor/ckeditor5-undo/-/ckeditor5-undo-41.1.0.tgz#910a90a32db0aa70bc01626e16696f2f8e38492f"
  integrity sha512-nNGOfyZzjK5NRckRApUiP1CKfRJgKIqy5CE8z4aAqu0/4KdnajoV8K7U7yEQwtrWeClB8ye0rLEsSH8X+6UWeg==
  dependencies:
    "@ckeditor/ckeditor5-core" "41.1.0"
    "@ckeditor/ckeditor5-engine" "41.1.0"
    "@ckeditor/ckeditor5-ui" "41.1.0"

"@ckeditor/ckeditor5-upload@41.1.0":
  version "41.1.0"
  resolved "https://registry.yarnpkg.com/@ckeditor/ckeditor5-upload/-/ckeditor5-upload-41.1.0.tgz#c30a28e31443e0dc51a18cd1376e862002c90645"
  integrity sha512-o64mv8zAJiGMI4Ao/fngZSBpNNCb/THPZc224GEdOrUkXhSpUnHIsXvlsUwwSRSEZuK44vk+OPNGbFloYMk5Eg==
  dependencies:
    "@ckeditor/ckeditor5-core" "41.1.0"
    "@ckeditor/ckeditor5-ui" "41.1.0"
    "@ckeditor/ckeditor5-utils" "41.1.0"

"@ckeditor/ckeditor5-utils@41.1.0":
  version "41.1.0"
  resolved "https://registry.yarnpkg.com/@ckeditor/ckeditor5-utils/-/ckeditor5-utils-41.1.0.tgz#186c818b07c8cf3e6b9a574dbe67512bacb2ef23"
  integrity sha512-2WtcUHbZ7wJoDVKb1AHeB4OSdf0ZLg1PMemr46yjCHDCf7NunGp/n+suZWloIKPuyG9OPkp9lhIBI4MHeDNHYw==
  dependencies:
    lodash-es "4.17.21"

"@ckeditor/ckeditor5-watchdog@41.1.0":
  version "41.1.0"
  resolved "https://registry.yarnpkg.com/@ckeditor/ckeditor5-watchdog/-/ckeditor5-watchdog-41.1.0.tgz#85e9b19d0c58bb5ae7b5d4d657a7e4ce5118e530"
  integrity sha512-zAKmuUpYW+X80rNFHIZ0cWXZWeXUd86xO+PVfKEmtSt4By4dKA3wDNT0Ub631x+oZQepp2eoG54R7CpLd2WFiw==
  dependencies:
    lodash-es "4.17.21"

"@ckeditor/ckeditor5-widget@41.1.0":
  version "41.1.0"
  resolved "https://registry.yarnpkg.com/@ckeditor/ckeditor5-widget/-/ckeditor5-widget-41.1.0.tgz#fd0267e3b400cc35f9b8738a1441540c41f9ad73"
  integrity sha512-OBJrBM+43fgmahp3W/MNcliW19JAVVIs7bcY4orMk+ltFptHT2v1fDsLkp7YRsxYi/Ipx6ZjWVjG3DQXAaUjwA==
  dependencies:
    "@ckeditor/ckeditor5-core" "41.1.0"
    "@ckeditor/ckeditor5-engine" "41.1.0"
    "@ckeditor/ckeditor5-enter" "41.1.0"
    "@ckeditor/ckeditor5-typing" "41.1.0"
    "@ckeditor/ckeditor5-ui" "41.1.0"
    "@ckeditor/ckeditor5-utils" "41.1.0"
    lodash-es "4.17.21"

"@esbuild/aix-ppc64@0.19.12":
  version "0.19.12"
  resolved "https://registry.yarnpkg.com/@esbuild/aix-ppc64/-/aix-ppc64-0.19.12.tgz#d1bc06aedb6936b3b6d313bf809a5a40387d2b7f"
  integrity sha512-bmoCYyWdEL3wDQIVbcyzRyeKLgk2WtWLTWz1ZIAZF/EGbNOwSA6ew3PftJ1PqMiOOGu0OyFMzG53L0zqIpPeNA==

"@esbuild/android-arm64@0.19.12":
  version "0.19.12"
  resolved "https://registry.yarnpkg.com/@esbuild/android-arm64/-/android-arm64-0.19.12.tgz#7ad65a36cfdb7e0d429c353e00f680d737c2aed4"
  integrity sha512-P0UVNGIienjZv3f5zq0DP3Nt2IE/3plFzuaS96vihvD0Hd6H/q4WXUGpCxD/E8YrSXfNyRPbpTq+T8ZQioSuPA==

"@esbuild/android-arm@0.19.12":
  version "0.19.12"
  resolved "https://registry.yarnpkg.com/@esbuild/android-arm/-/android-arm-0.19.12.tgz#b0c26536f37776162ca8bde25e42040c203f2824"
  integrity sha512-qg/Lj1mu3CdQlDEEiWrlC4eaPZ1KztwGJ9B6J+/6G+/4ewxJg7gqj8eVYWvao1bXrqGiW2rsBZFSX3q2lcW05w==

"@esbuild/android-x64@0.19.12":
  version "0.19.12"
  resolved "https://registry.yarnpkg.com/@esbuild/android-x64/-/android-x64-0.19.12.tgz#cb13e2211282012194d89bf3bfe7721273473b3d"
  integrity sha512-3k7ZoUW6Q6YqhdhIaq/WZ7HwBpnFBlW905Fa4s4qWJyiNOgT1dOqDiVAQFwBH7gBRZr17gLrlFCRzF6jFh7Kew==

"@esbuild/darwin-arm64@0.19.12":
  version "0.19.12"
  resolved "https://registry.yarnpkg.com/@esbuild/darwin-arm64/-/darwin-arm64-0.19.12.tgz#cbee41e988020d4b516e9d9e44dd29200996275e"
  integrity sha512-B6IeSgZgtEzGC42jsI+YYu9Z3HKRxp8ZT3cqhvliEHovq8HSX2YX8lNocDn79gCKJXOSaEot9MVYky7AKjCs8g==

"@esbuild/darwin-x64@0.19.12":
  version "0.19.12"
  resolved "https://registry.yarnpkg.com/@esbuild/darwin-x64/-/darwin-x64-0.19.12.tgz#e37d9633246d52aecf491ee916ece709f9d5f4cd"
  integrity sha512-hKoVkKzFiToTgn+41qGhsUJXFlIjxI/jSYeZf3ugemDYZldIXIxhvwN6erJGlX4t5h417iFuheZ7l+YVn05N3A==

"@esbuild/freebsd-arm64@0.19.12":
  version "0.19.12"
  resolved "https://registry.yarnpkg.com/@esbuild/freebsd-arm64/-/freebsd-arm64-0.19.12.tgz#1ee4d8b682ed363b08af74d1ea2b2b4dbba76487"
  integrity sha512-4aRvFIXmwAcDBw9AueDQ2YnGmz5L6obe5kmPT8Vd+/+x/JMVKCgdcRwH6APrbpNXsPz+K653Qg8HB/oXvXVukA==

"@esbuild/freebsd-x64@0.19.12":
  version "0.19.12"
  resolved "https://registry.yarnpkg.com/@esbuild/freebsd-x64/-/freebsd-x64-0.19.12.tgz#37a693553d42ff77cd7126764b535fb6cc28a11c"
  integrity sha512-EYoXZ4d8xtBoVN7CEwWY2IN4ho76xjYXqSXMNccFSx2lgqOG/1TBPW0yPx1bJZk94qu3tX0fycJeeQsKovA8gg==

"@esbuild/linux-arm64@0.19.12":
  version "0.19.12"
  resolved "https://registry.yarnpkg.com/@esbuild/linux-arm64/-/linux-arm64-0.19.12.tgz#be9b145985ec6c57470e0e051d887b09dddb2d4b"
  integrity sha512-EoTjyYyLuVPfdPLsGVVVC8a0p1BFFvtpQDB/YLEhaXyf/5bczaGeN15QkR+O4S5LeJ92Tqotve7i1jn35qwvdA==

"@esbuild/linux-arm@0.19.12":
  version "0.19.12"
  resolved "https://registry.yarnpkg.com/@esbuild/linux-arm/-/linux-arm-0.19.12.tgz#207ecd982a8db95f7b5279207d0ff2331acf5eef"
  integrity sha512-J5jPms//KhSNv+LO1S1TX1UWp1ucM6N6XuL6ITdKWElCu8wXP72l9MM0zDTzzeikVyqFE6U8YAV9/tFyj0ti+w==

"@esbuild/linux-ia32@0.19.12":
  version "0.19.12"
  resolved "https://registry.yarnpkg.com/@esbuild/linux-ia32/-/linux-ia32-0.19.12.tgz#d0d86b5ca1562523dc284a6723293a52d5860601"
  integrity sha512-Thsa42rrP1+UIGaWz47uydHSBOgTUnwBwNq59khgIwktK6x60Hivfbux9iNR0eHCHzOLjLMLfUMLCypBkZXMHA==

"@esbuild/linux-loong64@0.19.12":
  version "0.19.12"
  resolved "https://registry.yarnpkg.com/@esbuild/linux-loong64/-/linux-loong64-0.19.12.tgz#9a37f87fec4b8408e682b528391fa22afd952299"
  integrity sha512-LiXdXA0s3IqRRjm6rV6XaWATScKAXjI4R4LoDlvO7+yQqFdlr1Bax62sRwkVvRIrwXxvtYEHHI4dm50jAXkuAA==

"@esbuild/linux-mips64el@0.19.12":
  version "0.19.12"
  resolved "https://registry.yarnpkg.com/@esbuild/linux-mips64el/-/linux-mips64el-0.19.12.tgz#4ddebd4e6eeba20b509d8e74c8e30d8ace0b89ec"
  integrity sha512-fEnAuj5VGTanfJ07ff0gOA6IPsvrVHLVb6Lyd1g2/ed67oU1eFzL0r9WL7ZzscD+/N6i3dWumGE1Un4f7Amf+w==

"@esbuild/linux-ppc64@0.19.12":
  version "0.19.12"
  resolved "https://registry.yarnpkg.com/@esbuild/linux-ppc64/-/linux-ppc64-0.19.12.tgz#adb67dadb73656849f63cd522f5ecb351dd8dee8"
  integrity sha512-nYJA2/QPimDQOh1rKWedNOe3Gfc8PabU7HT3iXWtNUbRzXS9+vgB0Fjaqr//XNbd82mCxHzik2qotuI89cfixg==

"@esbuild/linux-riscv64@0.19.12":
  version "0.19.12"
  resolved "https://registry.yarnpkg.com/@esbuild/linux-riscv64/-/linux-riscv64-0.19.12.tgz#11bc0698bf0a2abf8727f1c7ace2112612c15adf"
  integrity sha512-2MueBrlPQCw5dVJJpQdUYgeqIzDQgw3QtiAHUC4RBz9FXPrskyyU3VI1hw7C0BSKB9OduwSJ79FTCqtGMWqJHg==

"@esbuild/linux-s390x@0.19.12":
  version "0.19.12"
  resolved "https://registry.yarnpkg.com/@esbuild/linux-s390x/-/linux-s390x-0.19.12.tgz#e86fb8ffba7c5c92ba91fc3b27ed5a70196c3cc8"
  integrity sha512-+Pil1Nv3Umes4m3AZKqA2anfhJiVmNCYkPchwFJNEJN5QxmTs1uzyy4TvmDrCRNT2ApwSari7ZIgrPeUx4UZDg==

"@esbuild/linux-x64@0.19.12":
  version "0.19.12"
  resolved "https://registry.yarnpkg.com/@esbuild/linux-x64/-/linux-x64-0.19.12.tgz#5f37cfdc705aea687dfe5dfbec086a05acfe9c78"
  integrity sha512-B71g1QpxfwBvNrfyJdVDexenDIt1CiDN1TIXLbhOw0KhJzE78KIFGX6OJ9MrtC0oOqMWf+0xop4qEU8JrJTwCg==

"@esbuild/netbsd-x64@0.19.12":
  version "0.19.12"
  resolved "https://registry.yarnpkg.com/@esbuild/netbsd-x64/-/netbsd-x64-0.19.12.tgz#29da566a75324e0d0dd7e47519ba2f7ef168657b"
  integrity sha512-3ltjQ7n1owJgFbuC61Oj++XhtzmymoCihNFgT84UAmJnxJfm4sYCiSLTXZtE00VWYpPMYc+ZQmB6xbSdVh0JWA==

"@esbuild/openbsd-x64@0.19.12":
  version "0.19.12"
  resolved "https://registry.yarnpkg.com/@esbuild/openbsd-x64/-/openbsd-x64-0.19.12.tgz#306c0acbdb5a99c95be98bdd1d47c916e7dc3ff0"
  integrity sha512-RbrfTB9SWsr0kWmb9srfF+L933uMDdu9BIzdA7os2t0TXhCRjrQyCeOt6wVxr79CKD4c+p+YhCj31HBkYcXebw==

"@esbuild/sunos-x64@0.19.12":
  version "0.19.12"
  resolved "https://registry.yarnpkg.com/@esbuild/sunos-x64/-/sunos-x64-0.19.12.tgz#0933eaab9af8b9b2c930236f62aae3fc593faf30"
  integrity sha512-HKjJwRrW8uWtCQnQOz9qcU3mUZhTUQvi56Q8DPTLLB+DawoiQdjsYq+j+D3s9I8VFtDr+F9CjgXKKC4ss89IeA==

"@esbuild/win32-arm64@0.19.12":
  version "0.19.12"
  resolved "https://registry.yarnpkg.com/@esbuild/win32-arm64/-/win32-arm64-0.19.12.tgz#773bdbaa1971b36db2f6560088639ccd1e6773ae"
  integrity sha512-URgtR1dJnmGvX864pn1B2YUYNzjmXkuJOIqG2HdU62MVS4EHpU2946OZoTMnRUHklGtJdJZ33QfzdjGACXhn1A==

"@esbuild/win32-ia32@0.19.12":
  version "0.19.12"
  resolved "https://registry.yarnpkg.com/@esbuild/win32-ia32/-/win32-ia32-0.19.12.tgz#000516cad06354cc84a73f0943a4aa690ef6fd67"
  integrity sha512-+ZOE6pUkMOJfmxmBZElNOx72NKpIa/HFOMGzu8fqzQJ5kgf6aTGrcJaFsNiVMH4JKpMipyK+7k0n2UXN7a8YKQ==

"@esbuild/win32-x64@0.19.12":
  version "0.19.12"
  resolved "https://registry.yarnpkg.com/@esbuild/win32-x64/-/win32-x64-0.19.12.tgz#c57c8afbb4054a3ab8317591a0b7320360b444ae"
  integrity sha512-T1QyPSDCyMXaO3pzBkF96E8xMkiRYbUEZADd29SyPGabqxMViNoii+NcK7eWJAEoU6RZyEm5lVSIjTmcdoB9HA==

"@popperjs/core@^2.11.6":
  version "2.11.8"
  resolved "https://registry.yarnpkg.com/@popperjs/core/-/core-2.11.8.tgz#6b79032e760a0899cd4204710beede972a3a185f"
  integrity sha512-P1st0aksCrn9sGZhp8GMYwBnQsbvAWsZAX44oXNNvLHGqAOcoVxmjZiohstwQ7SqKnbR47akdNi+uleWD8+g6A==

"@rollup/rollup-android-arm-eabi@4.12.0":
  version "4.12.0"
  resolved "https://registry.yarnpkg.com/@rollup/rollup-android-arm-eabi/-/rollup-android-arm-eabi-4.12.0.tgz#38c3abd1955a3c21d492af6b1a1dca4bb1d894d6"
  integrity sha512-+ac02NL/2TCKRrJu2wffk1kZ+RyqxVUlbjSagNgPm94frxtr+XDL12E5Ll1enWskLrtrZ2r8L3wED1orIibV/w==

"@rollup/rollup-android-arm64@4.12.0":
  version "4.12.0"
  resolved "https://registry.yarnpkg.com/@rollup/rollup-android-arm64/-/rollup-android-arm64-4.12.0.tgz#3822e929f415627609e53b11cec9a4be806de0e2"
  integrity sha512-OBqcX2BMe6nvjQ0Nyp7cC90cnumt8PXmO7Dp3gfAju/6YwG0Tj74z1vKrfRz7qAv23nBcYM8BCbhrsWqO7PzQQ==

"@rollup/rollup-darwin-arm64@4.12.0":
  version "4.12.0"
  resolved "https://registry.yarnpkg.com/@rollup/rollup-darwin-arm64/-/rollup-darwin-arm64-4.12.0.tgz#6c082de71f481f57df6cfa3701ab2a7afde96f69"
  integrity sha512-X64tZd8dRE/QTrBIEs63kaOBG0b5GVEd3ccoLtyf6IdXtHdh8h+I56C2yC3PtC9Ucnv0CpNFJLqKFVgCYe0lOQ==

"@rollup/rollup-darwin-x64@4.12.0":
  version "4.12.0"
  resolved "https://registry.yarnpkg.com/@rollup/rollup-darwin-x64/-/rollup-darwin-x64-4.12.0.tgz#c34ca0d31f3c46a22c9afa0e944403eea0edcfd8"
  integrity sha512-cc71KUZoVbUJmGP2cOuiZ9HSOP14AzBAThn3OU+9LcA1+IUqswJyR1cAJj3Mg55HbjZP6OLAIscbQsQLrpgTOg==

"@rollup/rollup-linux-arm-gnueabihf@4.12.0":
  version "4.12.0"
  resolved "https://registry.yarnpkg.com/@rollup/rollup-linux-arm-gnueabihf/-/rollup-linux-arm-gnueabihf-4.12.0.tgz#48e899c1e438629c072889b824a98787a7c2362d"
  integrity sha512-a6w/Y3hyyO6GlpKL2xJ4IOh/7d+APaqLYdMf86xnczU3nurFTaVN9s9jOXQg97BE4nYm/7Ga51rjec5nfRdrvA==

"@rollup/rollup-linux-arm64-gnu@4.12.0":
  version "4.12.0"
  resolved "https://registry.yarnpkg.com/@rollup/rollup-linux-arm64-gnu/-/rollup-linux-arm64-gnu-4.12.0.tgz#788c2698a119dc229062d40da6ada8a090a73a68"
  integrity sha512-0fZBq27b+D7Ar5CQMofVN8sggOVhEtzFUwOwPppQt0k+VR+7UHMZZY4y+64WJ06XOhBTKXtQB/Sv0NwQMXyNAA==

"@rollup/rollup-linux-arm64-musl@4.12.0":
  version "4.12.0"
  resolved "https://registry.yarnpkg.com/@rollup/rollup-linux-arm64-musl/-/rollup-linux-arm64-musl-4.12.0.tgz#3882a4e3a564af9e55804beeb67076857b035ab7"
  integrity sha512-eTvzUS3hhhlgeAv6bfigekzWZjaEX9xP9HhxB0Dvrdbkk5w/b+1Sxct2ZuDxNJKzsRStSq1EaEkVSEe7A7ipgQ==

"@rollup/rollup-linux-riscv64-gnu@4.12.0":
  version "4.12.0"
  resolved "https://registry.yarnpkg.com/@rollup/rollup-linux-riscv64-gnu/-/rollup-linux-riscv64-gnu-4.12.0.tgz#0c6ad792e1195c12bfae634425a3d2aa0fe93ab7"
  integrity sha512-ix+qAB9qmrCRiaO71VFfY8rkiAZJL8zQRXveS27HS+pKdjwUfEhqo2+YF2oI+H/22Xsiski+qqwIBxVewLK7sw==

"@rollup/rollup-linux-x64-gnu@4.12.0":
  version "4.12.0"
  resolved "https://registry.yarnpkg.com/@rollup/rollup-linux-x64-gnu/-/rollup-linux-x64-gnu-4.12.0.tgz#9d62485ea0f18d8674033b57aa14fb758f6ec6e3"
  integrity sha512-TenQhZVOtw/3qKOPa7d+QgkeM6xY0LtwzR8OplmyL5LrgTWIXpTQg2Q2ycBf8jm+SFW2Wt/DTn1gf7nFp3ssVA==

"@rollup/rollup-linux-x64-musl@4.12.0":
  version "4.12.0"
  resolved "https://registry.yarnpkg.com/@rollup/rollup-linux-x64-musl/-/rollup-linux-x64-musl-4.12.0.tgz#50e8167e28b33c977c1f813def2b2074d1435e05"
  integrity sha512-LfFdRhNnW0zdMvdCb5FNuWlls2WbbSridJvxOvYWgSBOYZtgBfW9UGNJG//rwMqTX1xQE9BAodvMH9tAusKDUw==

"@rollup/rollup-win32-arm64-msvc@4.12.0":
  version "4.12.0"
  resolved "https://registry.yarnpkg.com/@rollup/rollup-win32-arm64-msvc/-/rollup-win32-arm64-msvc-4.12.0.tgz#68d233272a2004429124494121a42c4aebdc5b8e"
  integrity sha512-JPDxovheWNp6d7AHCgsUlkuCKvtu3RB55iNEkaQcf0ttsDU/JZF+iQnYcQJSk/7PtT4mjjVG8N1kpwnI9SLYaw==

"@rollup/rollup-win32-ia32-msvc@4.12.0":
  version "4.12.0"
  resolved "https://registry.yarnpkg.com/@rollup/rollup-win32-ia32-msvc/-/rollup-win32-ia32-msvc-4.12.0.tgz#366ca62221d1689e3b55a03f4ae12ae9ba595d40"
  integrity sha512-fjtuvMWRGJn1oZacG8IPnzIV6GF2/XG+h71FKn76OYFqySXInJtseAqdprVTDTyqPxQOG9Exak5/E9Z3+EJ8ZA==

"@rollup/rollup-win32-x64-msvc@4.12.0":
  version "4.12.0"
  resolved "https://registry.yarnpkg.com/@rollup/rollup-win32-x64-msvc/-/rollup-win32-x64-msvc-4.12.0.tgz#9ffdf9ed133a7464f4ae187eb9e1294413fab235"
  integrity sha512-ZYmr5mS2wd4Dew/JjT0Fqi2NPB/ZhZ2VvPp7SmvPZb4Y1CG/LRcS6tcRo2cYU7zLK5A7cdbhWnnWmUjoI4qapg==

"@types/estree@1.0.5":
  version "1.0.5"
  resolved "https://registry.yarnpkg.com/@types/estree/-/estree-1.0.5.tgz#a6ce3e556e00fd9895dd872dd172ad0d4bd687f4"
  integrity sha512-/kYRxGDLWzHOB7q+wtSUQlFrtcdUccpfy+X+9iMBpHK8QLLhx2wIPYuS5DYtR9Wa/YlZAbIovy7qVdB1Aq6Lyw==

adjust-sourcemap-loader@^4.0.0:
  version "4.0.0"
  resolved "https://registry.yarnpkg.com/adjust-sourcemap-loader/-/adjust-sourcemap-loader-4.0.0.tgz#fc4a0fd080f7d10471f30a7320f25560ade28c99"
  integrity sha512-OXwN5b9pCUXNQHJpwwD2qP40byEmSgzj8B4ydSN0uMNYWiFmJ6x6KwUllMmfk8Rwu/HJDFR7U8ubsWBoN0Xp0A==
  dependencies:
    loader-utils "^2.0.0"
    regex-parser "^2.2.11"

anymatch@~3.1.2:
  version "3.1.3"
  resolved "https://registry.yarnpkg.com/anymatch/-/anymatch-3.1.3.tgz#790c58b19ba1720a84205b57c618d5ad8524973e"
  integrity sha512-KMReFUr0B4t+D+OBkjR3KYqvocp2XaSzO55UcB6mgQMd3KbcE+mWTyvVV7D/zsdEbNnV6acZUutkiHQXvTr1Rw==
  dependencies:
    normalize-path "^3.0.0"
    picomatch "^2.0.4"

asynckit@^0.4.0:
  version "0.4.0"
  resolved "https://registry.yarnpkg.com/asynckit/-/asynckit-0.4.0.tgz#c79ed97f7f34cb8f2ba1bc9790bcc366474b4b79"
  integrity sha512-Oei9OH4tRh0YqU3GxhX79dM/mwVgvbZJaSNaRk+bshkj0S5cfHcgYakreBjrHwatXKbz+IoIdYLxrKim2MjW0Q==

axios@^1.6.4:
  version "1.6.7"
  resolved "https://registry.yarnpkg.com/axios/-/axios-1.6.7.tgz#7b48c2e27c96f9c68a2f8f31e2ab19f59b06b0a7"
  integrity sha512-/hDJGff6/c7u0hDkvkGxR/oy6CbCs8ziCsC7SqmhjfozqiJGc8Z11wrv9z9lYfY4K8l+H9TpjcMDX0xOZmx+RA==
  dependencies:
    follow-redirects "^1.15.4"
    form-data "^4.0.0"
    proxy-from-env "^1.1.0"

big.js@^5.2.2:
  version "5.2.2"
  resolved "https://registry.yarnpkg.com/big.js/-/big.js-5.2.2.tgz#65f0af382f578bcdc742bd9c281e9cb2d7768328"
  integrity sha512-vyL2OymJxmarO8gxMr0mhChsO9QGwhynfuu4+MHTAW6czfq9humCB7rKpUjDd9YUiDPU4mzpyupFSvOClAwbmQ==

binary-extensions@^2.0.0:
  version "2.2.0"
  resolved "https://registry.yarnpkg.com/binary-extensions/-/binary-extensions-2.2.0.tgz#75f502eeaf9ffde42fc98829645be4ea76bd9e2d"
  integrity sha512-jDctJ/IVQbZoJykoeHbhXpOlNBqGNcwXJKJog42E5HDPUwQTSdjCHdihjj0DlnheQ7blbT6dHOafNAiS8ooQKA==

blurhash@2.0.5:
  version "2.0.5"
  resolved "https://registry.yarnpkg.com/blurhash/-/blurhash-2.0.5.tgz#efde729fc14a2f03571a6aa91b49cba80d1abe4b"
  integrity sha512-cRygWd7kGBQO3VEhPiTgq4Wc43ctsM+o46urrmPOiuAe+07fzlSB9OJVdpgDL0jPqXUVQ9ht7aq7kxOeJHRK+w==

bootstrap@4.6.2:
  version "4.6.2"
  resolved "https://registry.yarnpkg.com/bootstrap/-/bootstrap-4.6.2.tgz#8e0cd61611728a5bf65a3a2b8d6ff6c77d5d7479"
  integrity sha512-51Bbp/Uxr9aTuy6ca/8FbFloBUJZLHwnhTcnjIeRn2suQWsWzcuJhGjKDB5eppVte/8oCdOL3VuwxvZDUggwGQ==

bootstrap@^5.1.3:
  version "5.3.3"
  resolved "https://registry.yarnpkg.com/bootstrap/-/bootstrap-5.3.3.tgz#de35e1a765c897ac940021900fcbb831602bac38"
  integrity sha512-8HLCdWgyoMguSO9o+aH+iuZ+aht+mzW0u3HIMzVu7Srrpv7EBBxTnrFlSCskwdY1+EOFQSm7uMJhNQHkdPcmjg==

braces@~3.0.2:
  version "3.0.2"
  resolved "https://registry.yarnpkg.com/braces/-/braces-3.0.2.tgz#3454e1a462ee8d599e236df336cd9ea4f8afe107"
  integrity sha512-b8um+L1RzM3WDSzvhm6gIz1yfTbBt6YTlcEKAvsmqCZZFw46z626lVj9j1yEPW33H5H+lBQpZMP1k8l+78Ha0A==
  dependencies:
    fill-range "^7.0.1"

bs-custom-file-input@^1.3.4:
  version "1.3.4"
  resolved "https://registry.yarnpkg.com/bs-custom-file-input/-/bs-custom-file-input-1.3.4.tgz#c275cb8d4f1c02ba026324292509fa9a747dbda8"
  integrity sha512-NBsQzTnef3OW1MvdKBbMHAYHssCd613MSeJV7z2McXznWtVMnJCy7Ckyc+PwxV6Pk16cu6YBcYWh/ZE0XWNKCA==

"chokidar@>=3.0.0 <4.0.0":
  version "3.6.0"
  resolved "https://registry.yarnpkg.com/chokidar/-/chokidar-3.6.0.tgz#197c6cc669ef2a8dc5e7b4d97ee4e092c3eb0d5b"
  integrity sha512-7VT13fmjotKpGipCW9JEQAusEPE+Ei8nl6/g4FBAmIm0GOOLMua9NDDo/DWp0ZAxCr3cPq5ZpBqmPAQgDda2Pw==
  dependencies:
    anymatch "~3.1.2"
    braces "~3.0.2"
    glob-parent "~5.1.2"
    is-binary-path "~2.1.0"
    is-glob "~4.0.1"
    normalize-path "~3.0.0"
    readdirp "~3.6.0"
  optionalDependencies:
    fsevents "~2.3.2"

ckeditor5@41.1.0:
  version "41.1.0"
  resolved "https://registry.yarnpkg.com/ckeditor5/-/ckeditor5-41.1.0.tgz#64f7e4bef5045a8804ad0fd309c7d7e999750625"
  integrity sha512-ypqC8jtLztWNgCnN7/E9rjhBP80tFnBVd5DyaaA7qZO0SwdlZeQcp3fy610QC36f9GjUWtwm3qLw9eZWXwPnTg==
  dependencies:
    "@ckeditor/ckeditor5-clipboard" "41.1.0"
    "@ckeditor/ckeditor5-core" "41.1.0"
    "@ckeditor/ckeditor5-engine" "41.1.0"
    "@ckeditor/ckeditor5-enter" "41.1.0"
    "@ckeditor/ckeditor5-paragraph" "41.1.0"
    "@ckeditor/ckeditor5-select-all" "41.1.0"
    "@ckeditor/ckeditor5-typing" "41.1.0"
    "@ckeditor/ckeditor5-ui" "41.1.0"
    "@ckeditor/ckeditor5-undo" "41.1.0"
    "@ckeditor/ckeditor5-upload" "41.1.0"
    "@ckeditor/ckeditor5-utils" "41.1.0"
    "@ckeditor/ckeditor5-watchdog" "41.1.0"
    "@ckeditor/ckeditor5-widget" "41.1.0"

color-convert@2.0.1:
  version "2.0.1"
  resolved "https://registry.yarnpkg.com/color-convert/-/color-convert-2.0.1.tgz#72d3a68d598c9bdb3af2ad1e84f21d896abd4de3"
  integrity sha512-RRECPsj7iu/xb5oKYcsFHSppFNnsj/52OVTRKb4zP5onXwVF3zVmmToNcOfGC+CRDpfK/U584fMg38ZHCaElKQ==
  dependencies:
    color-name "~1.1.4"

color-name@^1.0.0, color-name@~1.1.4:
  version "1.1.4"
  resolved "https://registry.yarnpkg.com/color-name/-/color-name-1.1.4.tgz#c2a09a87acbde69543de6f63fa3995c826c536a2"
  integrity sha512-dOy+3AuW3a2wNbZHIuMZpTcgjGuLU/uBL/ubcZF9OXbDo8ff4O8yVp5Bf0efS8uEoYo5q4Fx7dY9OgQGXgAsQA==

color-parse@1.4.2:
  version "1.4.2"
  resolved "https://registry.yarnpkg.com/color-parse/-/color-parse-1.4.2.tgz#78651f5d34df1a57f997643d86f7f87268ad4eb5"
  integrity sha512-RI7s49/8yqDj3fECFZjUI1Yi0z/Gq1py43oNJivAIIDSyJiOZLfYCRQEgn8HEVAj++PcRe8AnL2XF0fRJ3BTnA==
  dependencies:
    color-name "^1.0.0"

combined-stream@^1.0.8:
  version "1.0.8"
  resolved "https://registry.yarnpkg.com/combined-stream/-/combined-stream-1.0.8.tgz#c3d45a8b34fd730631a110a8a2520682b31d5a7f"
  integrity sha512-FQN4MRfuJeHf7cBbBMJFXhKSDq+2kAArBlmRBvcvFE5BB1HZKXtSFASDhdlz9zOYwxh8lDdnvmMOe/+5cdoEdg==
  dependencies:
    delayed-stream "~1.0.0"

convert-source-map@^1.7.0:
  version "1.9.0"
  resolved "https://registry.yarnpkg.com/convert-source-map/-/convert-source-map-1.9.0.tgz#7faae62353fb4213366d0ca98358d22e8368b05f"
  integrity sha512-ASFBup0Mz1uyiIjANan1jzLQami9z1PoYSZCiiYW2FczPbenXc45FZdBZLzOT+r6+iciuEModtmCti+hjaAk0A==

datatables.net-bs4@^1.13.0, datatables.net-bs4@^1.13.6:
  version "1.13.11"
  resolved "https://registry.yarnpkg.com/datatables.net-bs4/-/datatables.net-bs4-1.13.11.tgz#b31b9006f1901746e6c835925523608bd0a29025"
  integrity sha512-1LnxzQDFKpwvBETc8wtUtQ+pUXhs6NJomNST5pRzzHAccckkj9rZeOp3mevKDnDJKuNhBM1Y0rIeZGylJnqh9A==
  dependencies:
    datatables.net "1.13.11"
    jquery "1.8 - 4"

datatables.net-buttons-bs4@^2.4.2:
  version "2.4.3"
  resolved "https://registry.yarnpkg.com/datatables.net-buttons-bs4/-/datatables.net-buttons-bs4-2.4.3.tgz#d4a720b45e3f2ec3c776536a9ac057f57861438f"
  integrity sha512-j/4ZFyGtRcNNknwN/+evClgmG/OZIAF+xEhfzpwFzOz7Mk/0j7GyDGO+V5tg5FTOyxyK03NSu0cT0hvPglDpmA==
  dependencies:
    datatables.net-bs4 "^1.13.0"
    datatables.net-buttons "2.4.3"
    jquery ">=1.7"

datatables.net-buttons@2.4.3:
  version "2.4.3"
  resolved "https://registry.yarnpkg.com/datatables.net-buttons/-/datatables.net-buttons-2.4.3.tgz#38ceb492aa7a069f6b4334ae8fbc8134bfdf7363"
  integrity sha512-xoHD6I2kxnU/CEp97Ar0lSnAL1siucQ/5Q/otGWWfWE2VN0o4n5C2h2Ot/ZCS8kxbEHBGd873Bc2xPdJH87yOw==
  dependencies:
    datatables.net "^1.13.0"
    jquery ">=1.7"

datatables.net-responsive-bs4@^2.5.0:
  version "2.5.1"
  resolved "https://registry.yarnpkg.com/datatables.net-responsive-bs4/-/datatables.net-responsive-bs4-2.5.1.tgz#1f5d615de94b07558bc2df0174b546fcfdc30255"
  integrity sha512-cOVCG9zRioqJiqZUPXel5/vxKGt8EFhxgzVafDNy2hY3ZO+UMMuRKcs2br/QMoojbXzpKNf2rL/lM7NoXKVKZA==
  dependencies:
    datatables.net-bs4 "^1.13.0"
    datatables.net-responsive "2.5.1"
    jquery ">=1.7"

datatables.net-responsive@2.5.1:
  version "2.5.1"
  resolved "https://registry.yarnpkg.com/datatables.net-responsive/-/datatables.net-responsive-2.5.1.tgz#9747a3c6e6b59abd33174e1890356357151bb8c0"
  integrity sha512-hyJb2faIzEWUX5Yn4HOSq/6NNB9SXDVbI4OU9ny+XU/2ghZEz4676spOgzpDHTdWvCfM+t1mbUsT70fDiTTr9w==
  dependencies:
    datatables.net "^1.13.0"
    jquery ">=1.7"

datatables.net-select-bs4@^1.7.0:
  version "1.7.1"
  resolved "https://registry.yarnpkg.com/datatables.net-select-bs4/-/datatables.net-select-bs4-1.7.1.tgz#3ddd63bd69426e3fd1bc20dfd7c019305d24ccb1"
  integrity sha512-iHG4C8RdJIpsGIGDCXofUflHN1fa2N0E83MZPuqQXh1ZBkeJzd700rnru2mJXbvFc+wM9vf0Xxr6C5YsYFprgA==
  dependencies:
    datatables.net-bs4 "^1.13.0"
    datatables.net-select "1.7.1"
    jquery ">=1.7"

datatables.net-select@1.7.1:
  version "1.7.1"
  resolved "https://registry.yarnpkg.com/datatables.net-select/-/datatables.net-select-1.7.1.tgz#1b309b1ff92c25e5ce4b9d5af19186bdf9b34597"
  integrity sha512-yC+GoBDVsnbaFTYKmZ2v5Bftc66zSZCYHbPYZb/ccdvxytEEudjc9R3wn6fgkOrVx3C2X/8keQc4a7EJvdOErg==
  dependencies:
    datatables.net "^1.13.0"
    jquery ">=1.7"

datatables.net@1.13.11, datatables.net@^1.13.0:
  version "1.13.11"
  resolved "https://registry.yarnpkg.com/datatables.net/-/datatables.net-1.13.11.tgz#e2a4c8b50553512f241ebfcbc078d74d551183b2"
  integrity sha512-AE6RkMXziRaqzPcu/pl3SJXeRa6fmXQG/fVjuRESujvkzqDCYEeKTTpPMuVJSGYJpPi32WGSphVNNY1G4nSN/g==
  dependencies:
    jquery "1.8 - 4"

delayed-stream@~1.0.0:
  version "1.0.0"
  resolved "https://registry.yarnpkg.com/delayed-stream/-/delayed-stream-1.0.0.tgz#df3ae199acadfb7d440aaae0b29e2272b24ec619"
  integrity sha512-ZySD7Nf91aLB0RxL4KGrKHBXl7Eds1DAmEdcoVawXnLD7SDhpNgtuII2aAkg7a7QS41jxPSZ17p4VdGnMHk3MQ==

emojis-list@^3.0.0:
  version "3.0.0"
  resolved "https://registry.yarnpkg.com/emojis-list/-/emojis-list-3.0.0.tgz#5570662046ad29e2e916e71aae260abdff4f6a78"
  integrity sha512-/kyM18EfinwXZbno9FyUGeFh87KC8HRQBQGildHZbEuRyWFOmv1U10o9BBp8XVZDVNNuQKyIGIu5ZYAAXJ0V2Q==

esbuild@^0.19.3:
  version "0.19.12"
  resolved "https://registry.yarnpkg.com/esbuild/-/esbuild-0.19.12.tgz#dc82ee5dc79e82f5a5c3b4323a2a641827db3e04"
  integrity sha512-aARqgq8roFBj054KvQr5f1sFu0D65G+miZRCuJyJ0G13Zwx7vRar5Zhn2tkQNzIXcBrNVsv/8stehpj+GAjgbg==
  optionalDependencies:
    "@esbuild/aix-ppc64" "0.19.12"
    "@esbuild/android-arm" "0.19.12"
    "@esbuild/android-arm64" "0.19.12"
    "@esbuild/android-x64" "0.19.12"
    "@esbuild/darwin-arm64" "0.19.12"
    "@esbuild/darwin-x64" "0.19.12"
    "@esbuild/freebsd-arm64" "0.19.12"
    "@esbuild/freebsd-x64" "0.19.12"
    "@esbuild/linux-arm" "0.19.12"
    "@esbuild/linux-arm64" "0.19.12"
    "@esbuild/linux-ia32" "0.19.12"
    "@esbuild/linux-loong64" "0.19.12"
    "@esbuild/linux-mips64el" "0.19.12"
    "@esbuild/linux-ppc64" "0.19.12"
    "@esbuild/linux-riscv64" "0.19.12"
    "@esbuild/linux-s390x" "0.19.12"
    "@esbuild/linux-x64" "0.19.12"
    "@esbuild/netbsd-x64" "0.19.12"
    "@esbuild/openbsd-x64" "0.19.12"
    "@esbuild/sunos-x64" "0.19.12"
    "@esbuild/win32-arm64" "0.19.12"
    "@esbuild/win32-ia32" "0.19.12"
    "@esbuild/win32-x64" "0.19.12"

fill-range@^7.0.1:
  version "7.0.1"
  resolved "https://registry.yarnpkg.com/fill-range/-/fill-range-7.0.1.tgz#1919a6a7c75fe38b2c7c77e5198535da9acdda40"
  integrity sha512-qOo9F+dMUmC2Lcb4BbVvnKJxTPjCm+RRpe4gDuGrzkL7mEVl/djYSu2OdQ2Pa302N4oqkSg9ir6jaLWJ2USVpQ==
  dependencies:
    to-regex-range "^5.0.1"

follow-redirects@^1.15.4:
  version "1.15.5"
  resolved "https://registry.yarnpkg.com/follow-redirects/-/follow-redirects-1.15.5.tgz#54d4d6d062c0fa7d9d17feb008461550e3ba8020"
  integrity sha512-vSFWUON1B+yAw1VN4xMfxgn5fTUiaOzAJCKBwIIgT/+7CuGy9+r+5gITvP62j3RmaD5Ph65UaERdOSRGUzZtgw==

form-data@^4.0.0:
  version "4.0.0"
  resolved "https://registry.yarnpkg.com/form-data/-/form-data-4.0.0.tgz#93919daeaf361ee529584b9b31664dc12c9fa452"
  integrity sha512-ETEklSGi5t0QMZuiXoA/Q6vcnxcLQP5vdugSpuAyi6SVGi2clPPp+xgEhuMaHC+zGgn31Kd235W35f7Hykkaww==
  dependencies:
    asynckit "^0.4.0"
    combined-stream "^1.0.8"
    mime-types "^2.1.12"

fsevents@~2.3.2, fsevents@~2.3.3:
  version "2.3.3"
  resolved "https://registry.yarnpkg.com/fsevents/-/fsevents-2.3.3.tgz#cac6407785d03675a2a5e1a5305c697b347d90d6"
  integrity sha512-5xoDfX+fL7faATnagmWPpbFtwh/R77WmMMqqHGS65C3vvB0YHrgF+B1YmZ3441tMj5n63k0212XNoJwzlhffQw==

glob-parent@~5.1.2:
  version "5.1.2"
  resolved "https://registry.yarnpkg.com/glob-parent/-/glob-parent-5.1.2.tgz#869832c58034fe68a4093c17dc15e8340d8401c4"
  integrity sha512-AOIgSQCepiJYwP3ARnGx+5VnTu2HBYdzbGP45eLw1vr3zB3vZLeyed1sC9hnbcOc9/SrMyM5RPQrkGz4aS9Zow==
  dependencies:
    is-glob "^4.0.1"

immutable@^4.0.0:
  version "4.3.5"
  resolved "https://registry.yarnpkg.com/immutable/-/immutable-4.3.5.tgz#f8b436e66d59f99760dc577f5c99a4fd2a5cc5a0"
  integrity sha512-8eabxkth9gZatlwl5TBuJnCsoTADlL6ftEr7A4qgdaTsPyreilDSnUk57SO+jfKcNtxPa22U5KK6DSeAYhpBJw==

is-binary-path@~2.1.0:
  version "2.1.0"
  resolved "https://registry.yarnpkg.com/is-binary-path/-/is-binary-path-2.1.0.tgz#ea1f7f3b80f064236e83470f86c09c254fb45b09"
  integrity sha512-ZMERYes6pDydyuGidse7OsHxtbI7WVeUEozgR/g7rd0xUimYNlvZRE/K2MgZTjWy725IfelLeVcEM97mmtRGXw==
  dependencies:
    binary-extensions "^2.0.0"

is-extglob@^2.1.1:
  version "2.1.1"
  resolved "https://registry.yarnpkg.com/is-extglob/-/is-extglob-2.1.1.tgz#a88c02535791f02ed37c76a1b9ea9773c833f8c2"
  integrity sha512-SbKbANkN603Vi4jEZv49LeVJMn4yGwsbzZworEoyEiutsN3nJYdbO36zfhGJ6QEDpOZIFkDtnq5JRxmvl3jsoQ==

is-glob@^4.0.1, is-glob@~4.0.1:
  version "4.0.3"
  resolved "https://registry.yarnpkg.com/is-glob/-/is-glob-4.0.3.tgz#64f61e42cbbb2eec2071a9dac0b28ba1e65d5084"
  integrity sha512-xelSayHH36ZgE7ZWhli7pW34hNbNl8Ojv5KVmkJD4hBdD3th8Tfk9vYasLM+mXWOZhFkgZfxhLSnrwRr4elSSg==
  dependencies:
    is-extglob "^2.1.1"

is-number@^7.0.0:
  version "7.0.0"
  resolved "https://registry.yarnpkg.com/is-number/-/is-number-7.0.0.tgz#7535345b896734d5f80c4d06c50955527a14f12b"
  integrity sha512-41Cifkg6e8TylSpdtTpeLVMqvSBEVzTttHvERD741+pnZ8ANv0004MRL43QKPDlK9cGvNp6NZWZUBlbGXYxxng==

jquery-form@^4.3.0:
  version "4.3.0"
  resolved "https://registry.yarnpkg.com/jquery-form/-/jquery-form-4.3.0.tgz#7d3961c314a1f2d15298f4af1d3943f54f4149c6"
  integrity sha512-q3uaVCEWdLOYUCI6dpNdwf/7cJFOsUgdpq6r0taxtGQ5NJSkOzofyWm4jpOuJ5YxdmL1FI5QR+q+HB63HHLGnQ==
  dependencies:
    jquery ">=1.7.2"

"jquery@1.8 - 4", jquery@>=1.7, jquery@>=1.7.2, jquery@^3.7.1:
  version "3.7.1"
  resolved "https://registry.yarnpkg.com/jquery/-/jquery-3.7.1.tgz#083ef98927c9a6a74d05a6af02806566d16274de"
  integrity sha512-m4avr8yL8kmFN8psrbFFFmB/If14iN5o9nw/NgnnM+kybDJpRsAynV2BsfpTYrTRysYUdADVD7CkUUizgkpLfg==

json5@^2.1.2:
  version "2.2.3"
  resolved "https://registry.yarnpkg.com/json5/-/json5-2.2.3.tgz#78cd6f1a19bdc12b73db5ad0c61efd66c1e29283"
  integrity sha512-XmOWe7eyHYH14cLdVPoyg+GOH3rYX++KpzrylJwSW98t3Nk+U8XOl8FWKOgwtzdb8lXGf6zYwDUzeHMWfxasyg==

laravel-vite-plugin@^1.0.0:
  version "1.0.2"
  resolved "https://registry.yarnpkg.com/laravel-vite-plugin/-/laravel-vite-plugin-1.0.2.tgz#97575181a1f870532b39ab3b423b53f01385feba"
  integrity sha512-Mcclml10khYzBVxDwJro8wnVDwD4i7XOSEMACQNnarvTnHjrjXLLL+B/Snif2wYAyElsOqagJZ7VAinb/2vF5g==
  dependencies:
    picocolors "^1.0.0"
    vite-plugin-full-reload "^1.1.0"

loader-utils@^2.0.0:
  version "2.0.4"
  resolved "https://registry.yarnpkg.com/loader-utils/-/loader-utils-2.0.4.tgz#8b5cb38b5c34a9a018ee1fc0e6a066d1dfcc528c"
  integrity sha512-xXqpXoINfFhgua9xiqD8fPFHgkoq1mmmpE92WlDbm9rNRd/EbRb+Gqf908T2DMfuHjjJlksiK2RbHVOdD/MqSw==
  dependencies:
    big.js "^5.2.2"
    emojis-list "^3.0.0"
    json5 "^2.1.2"

lodash-es@4.17.21:
  version "4.17.21"
  resolved "https://registry.yarnpkg.com/lodash-es/-/lodash-es-4.17.21.tgz#43e626c46e6591b7750beb2b50117390c609e3ee"
  integrity sha512-mKnC+QJ9pWVzv+C4/U3rRsHapFfHvQFoFB92e52xeyGMcX6/OlIl78je1u8vePzYZSkkogMPJ2yjxxsb89cxyw==

mime-db@1.52.0:
  version "1.52.0"
  resolved "https://registry.yarnpkg.com/mime-db/-/mime-db-1.52.0.tgz#bbabcdc02859f4987301c856e3387ce5ec43bf70"
  integrity sha512-sPU4uV7dYlvtWJxwwxHD0PuihVNiE7TyAbQ5SWxDCB9mUYvOgroQOwYQQOKPJ8CIbE+1ETVlOoK1UC2nU3gYvg==

mime-types@^2.1.12:
  version "2.1.35"
  resolved "https://registry.yarnpkg.com/mime-types/-/mime-types-2.1.35.tgz#381a871b62a734450660ae3deee44813f70d959a"
  integrity sha512-ZDY+bPm5zTTF+YpCrAU9nK0UgICYPT0QtT1NZWFv4s++TNkcgVaT0g6+4R2uI4MjQjzysHB1zxuWL50hzaeXiw==
  dependencies:
    mime-db "1.52.0"

moment@^2.30.1:
  version "2.30.1"
  resolved "https://registry.yarnpkg.com/moment/-/moment-2.30.1.tgz#f8c91c07b7a786e30c59926df530b4eac96974ae"
  integrity sha512-uEmtNhbDOrWPFS+hdjFCBfy9f2YoyzRpwcl+DqpC6taX21FzsTLQVbMV/W7PzNSX6x/bhC1zA3c2UQ5NzH6how==

nanoid@^3.3.7:
  version "3.3.7"
  resolved "https://registry.yarnpkg.com/nanoid/-/nanoid-3.3.7.tgz#d0c301a691bc8d54efa0a2226ccf3fe2fd656bd8"
  integrity sha512-eSRppjcPIatRIMC1U6UngP8XFcz8MQWGQdt1MTBQ7NaAmvXDfvNxbvWV3x2y6CdEUciCSsDHDQZbhYaB8QEo2g==

normalize-path@^3.0.0, normalize-path@~3.0.0:
  version "3.0.0"
  resolved "https://registry.yarnpkg.com/normalize-path/-/normalize-path-3.0.0.tgz#0dcd69ff23a1c9b11fd0978316644a0388216a65"
  integrity sha512-6eZs5Ls3WtCisHWp9S2GUy8dqkpGi4BVSz3GaqiE6ezub0512ESztXUwUB6C6IKbQkY2Pnb/mD4WYojCRwcwLA==

picocolors@^1.0.0:
  version "1.0.0"
  resolved "https://registry.yarnpkg.com/picocolors/-/picocolors-1.0.0.tgz#cb5bdc74ff3f51892236eaf79d68bc44564ab81c"
  integrity sha512-1fygroTLlHu66zi26VoTDv8yRgm0Fccecssto+MhsZ0D/DGW2sm8E8AjW7NU5VVTRt5GxbeZ5qBuJr+HyLYkjQ==

picomatch@^2.0.4, picomatch@^2.2.1, picomatch@^2.3.1:
  version "2.3.1"
  resolved "https://registry.yarnpkg.com/picomatch/-/picomatch-2.3.1.tgz#3ba3833733646d9d3e4995946c1365a67fb07a42"
  integrity sha512-JU3teHTNjmE2VCGFzuY8EXzCDVwEqB2a8fsIvwaStHhAWJEeVd1o1QD80CU6+ZdEXXSLbSsuLwJjkCBWqRQUVA==

popper.js@^1.14.3:
  version "1.16.1"
  resolved "https://registry.yarnpkg.com/popper.js/-/popper.js-1.16.1.tgz#2a223cb3dc7b6213d740e40372be40de43e65b1b"
  integrity sha512-Wb4p1J4zyFTbM+u6WuO4XstYx4Ky9Cewe4DWrel7B0w6VVICvPwdOpotjzcf6eD8TsckVnIMNONQyPIUFOUbCQ==

postcss@^8.2.14, postcss@^8.4.35:
  version "8.4.35"
  resolved "https://registry.yarnpkg.com/postcss/-/postcss-8.4.35.tgz#60997775689ce09011edf083a549cea44aabe2f7"
  integrity sha512-u5U8qYpBCpN13BsiEB0CbR1Hhh4Gc0zLFuedrHJKMctHCHAGrMdG0PRM/KErzAL3CU6/eckEtmHNB3x6e3c0vA==
  dependencies:
    nanoid "^3.3.7"
    picocolors "^1.0.0"
    source-map-js "^1.0.2"

proxy-from-env@^1.1.0:
  version "1.1.0"
  resolved "https://registry.yarnpkg.com/proxy-from-env/-/proxy-from-env-1.1.0.tgz#e102f16ca355424865755d2c9e8ea4f24d58c3e2"
  integrity sha512-D+zkORCbA9f1tdWRK0RaCR3GPv50cMxcrz4X8k5LTSUD1Dkw47mKJEZQNunItRTkWwgtaUSo1RVFRIG9ZXiFYg==

readdirp@~3.6.0:
  version "3.6.0"
  resolved "https://registry.yarnpkg.com/readdirp/-/readdirp-3.6.0.tgz#74a370bd857116e245b29cc97340cd431a02a6c7"
  integrity sha512-hOS089on8RduqdbhvQ5Z37A0ESjsqz6qnRcffsMU3495FuTdqSm+7bhJ29JvIOsBDEEnan5DPu9t3To9VRlMzA==
  dependencies:
    picomatch "^2.2.1"

regex-parser@^2.2.11:
  version "2.3.0"
  resolved "https://registry.yarnpkg.com/regex-parser/-/regex-parser-2.3.0.tgz#4bb61461b1a19b8b913f3960364bb57887f920ee"
  integrity sha512-TVILVSz2jY5D47F4mA4MppkBrafEaiUWJO/TcZHEIuI13AqoZMkK1WMA4Om1YkYbTx+9Ki1/tSUXbceyr9saRg==

resolve-url-loader@^5.0.0:
  version "5.0.0"
  resolved "https://registry.yarnpkg.com/resolve-url-loader/-/resolve-url-loader-5.0.0.tgz#ee3142fb1f1e0d9db9524d539cfa166e9314f795"
  integrity sha512-uZtduh8/8srhBoMx//5bwqjQ+rfYOUq8zC9NrMUGtjBiGTtFJM42s58/36+hTqeqINcnYe08Nj3LkK9lW4N8Xg==
  dependencies:
    adjust-sourcemap-loader "^4.0.0"
    convert-source-map "^1.7.0"
    loader-utils "^2.0.0"
    postcss "^8.2.14"
    source-map "0.6.1"

rollup@^4.2.0:
  version "4.12.0"
  resolved "https://registry.yarnpkg.com/rollup/-/rollup-4.12.0.tgz#0b6d1e5f3d46bbcf244deec41a7421dc54cc45b5"
  integrity sha512-wz66wn4t1OHIJw3+XU7mJJQV/2NAfw5OAk6G6Hoo3zcvz/XOfQ52Vgi+AN4Uxoxi0KBBwk2g8zPrTDA4btSB/Q==
  dependencies:
    "@types/estree" "1.0.5"
  optionalDependencies:
    "@rollup/rollup-android-arm-eabi" "4.12.0"
    "@rollup/rollup-android-arm64" "4.12.0"
    "@rollup/rollup-darwin-arm64" "4.12.0"
    "@rollup/rollup-darwin-x64" "4.12.0"
    "@rollup/rollup-linux-arm-gnueabihf" "4.12.0"
    "@rollup/rollup-linux-arm64-gnu" "4.12.0"
    "@rollup/rollup-linux-arm64-musl" "4.12.0"
    "@rollup/rollup-linux-riscv64-gnu" "4.12.0"
    "@rollup/rollup-linux-x64-gnu" "4.12.0"
    "@rollup/rollup-linux-x64-musl" "4.12.0"
    "@rollup/rollup-win32-arm64-msvc" "4.12.0"
    "@rollup/rollup-win32-ia32-msvc" "4.12.0"
    "@rollup/rollup-win32-x64-msvc" "4.12.0"
    fsevents "~2.3.2"

sass@^1.56.1:
  version "1.71.1"
  resolved "https://registry.yarnpkg.com/sass/-/sass-1.71.1.tgz#dfb09c63ce63f89353777bbd4a88c0a38386ee54"
  integrity sha512-wovtnV2PxzteLlfNzbgm1tFXPLoZILYAMJtvoXXkD7/+1uP41eKkIt1ypWq5/q2uT94qHjXehEYfmjKOvjL9sg==
  dependencies:
    chokidar ">=3.0.0 <4.0.0"
    immutable "^4.0.0"
    source-map-js ">=0.6.2 <2.0.0"

select2-bootstrap-5-theme@^1.3.0:
  version "1.3.0"
  resolved "https://registry.yarnpkg.com/select2-bootstrap-5-theme/-/select2-bootstrap-5-theme-1.3.0.tgz#b7126b01c4e2cfb5ee683b219820d49da31b4810"
  integrity sha512-uEJDruP4tmwyKcs3V0oP7CIsyC45PGF5ddo8unwTp8OucJ1PSuTOBr+xbWaHTQPGnvp7N96psVQ5UBMQvFCcHA==
  dependencies:
    bootstrap "^5.1.3"

select2@^4.1.0-rc.0:
  version "4.1.0-rc.0"
  resolved "https://registry.yarnpkg.com/select2/-/select2-4.1.0-rc.0.tgz#ba3cd3901dda0155e1c0219ab41b74ba51ea22d8"
  integrity sha512-Hr9TdhyHCZUtwznEH2CBf7967mEM0idtJ5nMtjvk3Up5tPukOLXbHUNmh10oRfeNIhj+3GD3niu+g6sVK+gK0A==

"source-map-js@>=0.6.2 <2.0.0", source-map-js@^1.0.2:
  version "1.0.2"
  resolved "https://registry.yarnpkg.com/source-map-js/-/source-map-js-1.0.2.tgz#adbc361d9c62df380125e7f161f71c826f1e490c"
  integrity sha512-R0XvVJ9WusLiqTCEiGCmICCMplcCkIwwR11mOSD9CR5u+IXYdiseeEuXCVAjS54zqwkLcPNnmU4OeJ6tUrWhDw==

source-map@0.6.1:
  version "0.6.1"
  resolved "https://registry.yarnpkg.com/source-map/-/source-map-0.6.1.tgz#74722af32e9614e9c287a8d0bbde48b5e2f1a263"
  integrity sha512-UjgapumWlbMhkBgzT7Ykc5YXUT46F0iKu8SGXq0bcwP5dz/h0Plj6enJqjz1Zbq2l5WaqYnrVbwWOWMyF3F47g==

sweetalert2@^11.10.5:
  version "11.10.5"
  resolved "https://registry.yarnpkg.com/sweetalert2/-/sweetalert2-11.10.5.tgz#ff01f45b40ad678ca1f0c2e6c98800d79a74c49f"
  integrity sha512-q9eE3EKhMcpIDU/Xcz7z5lk8axCGkgxwK47gXGrrfncnBJWxHPPHnBVAjfsVXcTt8Yi8U6HNEcBRSu+qGeyFdA==

to-regex-range@^5.0.1:
  version "5.0.1"
  resolved "https://registry.yarnpkg.com/to-regex-range/-/to-regex-range-5.0.1.tgz#1648c44aae7c8d988a326018ed72f5b4dd0392e4"
  integrity sha512-65P7iz6X5yEr1cwcgvQxbbIw7Uk3gOy5dIdtZ4rDveLqhrdJP+Li/Hx6tyK0NEb+2GCyneCMJiGqrADCSNk8sQ==
  dependencies:
    is-number "^7.0.0"

vanilla-colorful@0.7.2:
  version "0.7.2"
  resolved "https://registry.yarnpkg.com/vanilla-colorful/-/vanilla-colorful-0.7.2.tgz#3fb1f4b9f15b797e20fd1ce8e0364f33b073f4a2"
  integrity sha512-z2YZusTFC6KnLERx1cgoIRX2CjPRP0W75N+3CC6gbvdX5Ch47rZkEMGO2Xnf+IEmi3RiFLxS18gayMA27iU7Kg==

vite-plugin-full-reload@^1.1.0:
  version "1.1.0"
  resolved "https://registry.yarnpkg.com/vite-plugin-full-reload/-/vite-plugin-full-reload-1.1.0.tgz#ca6fa32631024a459ea9e5613dd4c0ff0f3b7995"
  integrity sha512-3cObNDzX6DdfhD9E7kf6w2mNunFpD7drxyNgHLw+XwIYAgb+Xt16SEXo0Up4VH+TMf3n+DSVJZtW2POBGcBYAA==
  dependencies:
    picocolors "^1.0.0"
    picomatch "^2.3.1"

vite@^5.0.0:
  version "5.1.4"
  resolved "https://registry.yarnpkg.com/vite/-/vite-5.1.4.tgz#14e9d3e7a6e488f36284ef13cebe149f060bcfb6"
  integrity sha512-n+MPqzq+d9nMVTKyewqw6kSt+R3CkvF9QAKY8obiQn8g1fwTscKxyfaYnC632HtBXAQGc1Yjomphwn1dtwGAHg==
  dependencies:
    esbuild "^0.19.3"
    postcss "^8.4.35"
    rollup "^4.2.0"
  optionalDependencies:
    fsevents "~2.3.3"
